// !$*UTF8*$!
{
	archiveVersion = 1;
	classes = {
	};
	objectVersion = 50;
	objects = {

/* Begin PBXBuildFile section */
		4DA17BF723ABD891003EAAEE /* AppDelegate.swift in Sources */ = {isa = PBXBuildFile; fileRef = 4DA17BF623ABD891003EAAEE /* AppDelegate.swift */; };
		4DA17BF923ABD891003EAAEE /* SceneDelegate.swift in Sources */ = {isa = PBXBuildFile; fileRef = 4DA17BF823ABD891003EAAEE /* SceneDelegate.swift */; };
		4DA17C0023ABD893003EAAEE /* Assets.xcassets in Resources */ = {isa = PBXBuildFile; fileRef = 4DA17BFF23ABD893003EAAEE /* Assets.xcassets */; };
		4DA17C0323ABD893003EAAEE /* LaunchScreen.storyboard in Resources */ = {isa = PBXBuildFile; fileRef = 4DA17C0123ABD893003EAAEE /* LaunchScreen.storyboard */; };
		4DA17C0E23ABD9D7003EAAEE /* DashBoardViewModel.swift in Sources */ = {isa = PBXBuildFile; fileRef = 4DA17C0D23ABD9D7003EAAEE /* DashBoardViewModel.swift */; };
		4DCE523E23C68EDD00497C15 /* Account.swift in Sources */ = {isa = PBXBuildFile; fileRef = 4DCE523D23C68EDD00497C15 /* Account.swift */; };
		4DCE524023C68EF400497C15 /* CreditReport.swift in Sources */ = {isa = PBXBuildFile; fileRef = 4DCE523F23C68EF400497C15 /* CreditReport.swift */; };
		4DCE524223C68F6100497C15 /* DashboardView.swift in Sources */ = {isa = PBXBuildFile; fileRef = 4DCE524123C68F6100497C15 /* DashboardView.swift */; };
		4DCE524423C68FF100497C15 /* Service.swift in Sources */ = {isa = PBXBuildFile; fileRef = 4DCE524323C68FF100497C15 /* Service.swift */; };
/* End PBXBuildFile section */

/* Begin PBXFileReference section */
		4DA17BF323ABD891003EAAEE /* CreditScore.app */ = {isa = PBXFileReference; explicitFileType = wrapper.application; includeInIndex = 0; path = CreditScore.app; sourceTree = BUILT_PRODUCTS_DIR; };
		4DA17BF623ABD891003EAAEE /* AppDelegate.swift */ = {isa = PBXFileReference; lastKnownFileType = sourcecode.swift; path = AppDelegate.swift; sourceTree = "<group>"; };
		4DA17BF823ABD891003EAAEE /* SceneDelegate.swift */ = {isa = PBXFileReference; lastKnownFileType = sourcecode.swift; path = SceneDelegate.swift; sourceTree = "<group>"; };
		4DA17BFF23ABD893003EAAEE /* Assets.xcassets */ = {isa = PBXFileReference; lastKnownFileType = folder.assetcatalog; path = Assets.xcassets; sourceTree = "<group>"; };
		4DA17C0223ABD893003EAAEE /* Base */ = {isa = PBXFileReference; lastKnownFileType = file.storyboard; name = Base; path = Base.lproj/LaunchScreen.storyboard; sourceTree = "<group>"; };
		4DA17C0423ABD893003EAAEE /* Info.plist */ = {isa = PBXFileReference; lastKnownFileType = text.plist.xml; path = Info.plist; sourceTree = "<group>"; };
		4DA17C0D23ABD9D7003EAAEE /* DashBoardViewModel.swift */ = {isa = PBXFileReference; lastKnownFileType = sourcecode.swift; path = DashBoardViewModel.swift; sourceTree = "<group>"; };
		4DCE523D23C68EDD00497C15 /* Account.swift */ = {isa = PBXFileReference; lastKnownFileType = sourcecode.swift; path = Account.swift; sourceTree = "<group>"; };
		4DCE523F23C68EF400497C15 /* CreditReport.swift */ = {isa = PBXFileReference; lastKnownFileType = sourcecode.swift; path = CreditReport.swift; sourceTree = "<group>"; };
		4DCE524123C68F6100497C15 /* DashboardView.swift */ = {isa = PBXFileReference; lastKnownFileType = sourcecode.swift; path = DashboardView.swift; sourceTree = "<group>"; };
		4DCE524323C68FF100497C15 /* Service.swift */ = {isa = PBXFileReference; lastKnownFileType = sourcecode.swift; path = Service.swift; sourceTree = "<group>"; };
/* End PBXFileReference section */

/* Begin PBXFrameworksBuildPhase section */
		4DA17BF023ABD891003EAAEE /* Frameworks */ = {
			isa = PBXFrameworksBuildPhase;
			buildActionMask = 2147483647;
			files = (
			);
			runOnlyForDeploymentPostprocessing = 0;
		};
/* End PBXFrameworksBuildPhase section */

/* Begin PBXGroup section */
		4DA17BEA23ABD891003EAAEE = {
			isa = PBXGroup;
			children = (
				4DA17BF523ABD891003EAAEE /* CreditScore */,
				4DA17BF423ABD891003EAAEE /* Products */,
			);
			sourceTree = "<group>";
		};
		4DA17BF423ABD891003EAAEE /* Products */ = {
			isa = PBXGroup;
			children = (
				4DA17BF323ABD891003EAAEE /* CreditScore.app */,
			);
			name = Products;
			sourceTree = "<group>";
		};
		4DA17BF523ABD891003EAAEE /* CreditScore */ = {
			isa = PBXGroup;
			children = (
				4DA17C0A23ABD998003EAAEE /* Model */,
				4DA17C0C23ABD9AB003EAAEE /* ViewModel */,
				4DA17C0B23ABD9A0003EAAEE /* View */,
				4DCE524323C68FF100497C15 /* Service.swift */,
				4DA17BF623ABD891003EAAEE /* AppDelegate.swift */,
				4DA17BF823ABD891003EAAEE /* SceneDelegate.swift */,
				4DA17BFF23ABD893003EAAEE /* Assets.xcassets */,
				4DA17C0123ABD893003EAAEE /* LaunchScreen.storyboard */,
				4DA17C0423ABD893003EAAEE /* Info.plist */,
			);
			path = CreditScore;
			sourceTree = "<group>";
		};
		4DA17C0A23ABD998003EAAEE /* Model */ = {
			isa = PBXGroup;
			children = (
				4DCE523D23C68EDD00497C15 /* Account.swift */,
				4DCE523F23C68EF400497C15 /* CreditReport.swift */,
			);
			path = Model;
			sourceTree = "<group>";
		};
		4DA17C0B23ABD9A0003EAAEE /* View */ = {
			isa = PBXGroup;
			children = (
				4DCE524123C68F6100497C15 /* DashboardView.swift */,
			);
			path = View;
			sourceTree = "<group>";
		};
		4DA17C0C23ABD9AB003EAAEE /* ViewModel */ = {
			isa = PBXGroup;
			children = (
				4DA17C0D23ABD9D7003EAAEE /* DashBoardViewModel.swift */,
			);
			path = ViewModel;
			sourceTree = "<group>";
		};
/* End PBXGroup section */

/* Begin PBXNativeTarget section */
		4DA17BF223ABD891003EAAEE /* CreditScore */ = {
			isa = PBXNativeTarget;
			buildConfigurationList = 4DA17C0723ABD893003EAAEE /* Build configuration list for PBXNativeTarget "CreditScore" */;
			buildPhases = (
				4DA17BEF23ABD891003EAAEE /* Sources */,
				4DA17BF023ABD891003EAAEE /* Frameworks */,
				4DA17BF123ABD891003EAAEE /* Resources */,
			);
			buildRules = (
			);
			dependencies = (
			);
			name = CreditScore;
			productName = CreditScore;
			productReference = 4DA17BF323ABD891003EAAEE /* CreditScore.app */;
			productType = "com.apple.product-type.application";
		};
/* End PBXNativeTarget section */

/* Begin PBXProject section */
		4DA17BEB23ABD891003EAAEE /* Project object */ = {
			isa = PBXProject;
			attributes = {
				LastSwiftUpdateCheck = 1130;
				LastUpgradeCheck = 1130;
				ORGANIZATIONNAME = CreditScore;
				TargetAttributes = {
					4DA17BF223ABD891003EAAEE = {
						CreatedOnToolsVersion = 11.3;
					};
				};
			};
			buildConfigurationList = 4DA17BEE23ABD891003EAAEE /* Build configuration list for PBXProject "CreditScore" */;
			compatibilityVersion = "Xcode 9.3";
			developmentRegion = en;
			hasScannedForEncodings = 0;
			knownRegions = (
				en,
				Base,
			);
			mainGroup = 4DA17BEA23ABD891003EAAEE;
			productRefGroup = 4DA17BF423ABD891003EAAEE /* Products */;
			projectDirPath = "";
			projectRoot = "";
			targets = (
				4DA17BF223ABD891003EAAEE /* CreditScore */,
			);
		};
/* End PBXProject section */

/* Begin PBXResourcesBuildPhase section */
		4DA17BF123ABD891003EAAEE /* Resources */ = {
			isa = PBXResourcesBuildPhase;
			buildActionMask = 2147483647;
			files = (
				4DA17C0323ABD893003EAAEE /* LaunchScreen.storyboard in Resources */,
				4DA17C0023ABD893003EAAEE /* Assets.xcassets in Resources */,
			);
			runOnlyForDeploymentPostprocessing = 0;
		};
/* End PBXResourcesBuildPhase section */

/* Begin PBXSourcesBuildPhase section */
		4DA17BEF23ABD891003EAAEE /* Sources */ = {
			isa = PBXSourcesBuildPhase;
			buildActionMask = 2147483647;
			files = (
				4DA17BF723ABD891003EAAEE /* AppDelegate.swift in Sources */,
				4DCE524423C68FF100497C15 /* Service.swift in Sources */,
				4DCE524223C68F6100497C15 /* DashboardView.swift in Sources */,
				4DCE523E23C68EDD00497C15 /* Account.swift in Sources */,
				4DA17C0E23ABD9D7003EAAEE /* DashBoardViewModel.swift in Sources */,
				4DCE524023C68EF400497C15 /* CreditReport.swift in Sources */,
				4DA17BF923ABD891003EAAEE /* SceneDelegate.swift in Sources */,
			);
			runOnlyForDeploymentPostprocessing = 0;
		};
/* End PBXSourcesBuildPhase section */

/* Begin PBXVariantGroup section */
		4DA17C0123ABD893003EAAEE /* LaunchScreen.storyboard */ = {
			isa = PBXVariantGroup;
			children = (
				4DA17C0223ABD893003EAAEE /* Base */,
			);
			name = LaunchScreen.storyboard;
			sourceTree = "<group>";
		};
/* End PBXVariantGroup section */

/* Begin XCBuildConfiguration section */
		4DA17C0523ABD893003EAAEE /* Debug */ = {
			isa = XCBuildConfiguration;
			buildSettings = {
				ALWAYS_SEARCH_USER_PATHS = NO;
				CLANG_ANALYZER_NONNULL = YES;
				CLANG_ANALYZER_NUMBER_OBJECT_CONVERSION = YES_AGGRESSIVE;
				CLANG_CXX_LANGUAGE_STANDARD = "gnu++14";
				CLANG_CXX_LIBRARY = "libc++";
				CLANG_ENABLE_MODULES = YES;
				CLANG_ENABLE_OBJC_ARC = YES;
				CLANG_ENABLE_OBJC_WEAK = YES;
				CLANG_WARN_BLOCK_CAPTURE_AUTORELEASING = YES;
				CLANG_WARN_BOOL_CONVERSION = YES;
				CLANG_WARN_COMMA = YES;
				CLANG_WARN_CONSTANT_CONVERSION = YES;
				CLANG_WARN_DEPRECATED_OBJC_IMPLEMENTATIONS = YES;
				CLANG_WARN_DIRECT_OBJC_ISA_USAGE = YES_ERROR;
				CLANG_WARN_DOCUMENTATION_COMMENTS = YES;
				CLANG_WARN_EMPTY_BODY = YES;
				CLANG_WARN_ENUM_CONVERSION = YES;
				CLANG_WARN_INFINITE_RECURSION = YES;
				CLANG_WARN_INT_CONVERSION = YES;
				CLANG_WARN_NON_LITERAL_NULL_CONVERSION = YES;
				CLANG_WARN_OBJC_IMPLICIT_RETAIN_SELF = YES;
				CLANG_WARN_OBJC_LITERAL_CONVERSION = YES;
				CLANG_WARN_OBJC_ROOT_CLASS = YES_ERROR;
				CLANG_WARN_RANGE_LOOP_ANALYSIS = YES;
				CLANG_WARN_STRICT_PROTOTYPES = YES;
				CLANG_WARN_SUSPICIOUS_MOVE = YES;
				CLANG_WARN_UNGUARDED_AVAILABILITY = YES_AGGRESSIVE;
				CLANG_WARN_UNREACHABLE_CODE = YES;
				CLANG_WARN__DUPLICATE_METHOD_MATCH = YES;
				COPY_PHASE_STRIP = NO;
				DEBUG_INFORMATION_FORMAT = dwarf;
				ENABLE_STRICT_OBJC_MSGSEND = YES;
				ENABLE_TESTABILITY = YES;
				GCC_C_LANGUAGE_STANDARD = gnu11;
				GCC_DYNAMIC_NO_PIC = NO;
				GCC_NO_COMMON_BLOCKS = YES;
				GCC_OPTIMIZATION_LEVEL = 0;
				GCC_PREPROCESSOR_DEFINITIONS = (
					"DEBUG=1",
					"$(inherited)",
				);
				GCC_WARN_64_TO_32_BIT_CONVERSION = YES;
				GCC_WARN_ABOUT_RETURN_TYPE = YES_ERROR;
				GCC_WARN_UNDECLARED_SELECTOR = YES;
				GCC_WARN_UNINITIALIZED_AUTOS = YES_AGGRESSIVE;
				GCC_WARN_UNUSED_FUNCTION = YES;
				GCC_WARN_UNUSED_VARIABLE = YES;
				IPHONEOS_DEPLOYMENT_TARGET = 13.0;
				MTL_ENABLE_DEBUG_INFO = INCLUDE_SOURCE;
				MTL_FAST_MATH = YES;
				ONLY_ACTIVE_ARCH = YES;
				SDKROOT = iphoneos;
				SWIFT_ACTIVE_COMPILATION_CONDITIONS = DEBUG;
				SWIFT_OPTIMIZATION_LEVEL = "-Onone";
			};
			name = Debug;
		};
		4DA17C0623ABD893003EAAEE /* Release */ = {
			isa = XCBuildConfiguration;
			buildSettings = {
				ALWAYS_SEARCH_USER_PATHS = NO;
				CLANG_ANALYZER_NONNULL = YES;
				CLANG_ANALYZER_NUMBER_OBJECT_CONVERSION = YES_AGGRESSIVE;
				CLANG_CXX_LANGUAGE_STANDARD = "gnu++14";
				CLANG_CXX_LIBRARY = "libc++";
				CLANG_ENABLE_MODULES = YES;
				CLANG_ENABLE_OBJC_ARC = YES;
				CLANG_ENABLE_OBJC_WEAK = YES;
				CLANG_WARN_BLOCK_CAPTURE_AUTORELEASING = YES;
				CLANG_WARN_BOOL_CONVERSION = YES;
				CLANG_WARN_COMMA = YES;
				CLANG_WARN_CONSTANT_CONVERSION = YES;
				CLANG_WARN_DEPRECATED_OBJC_IMPLEMENTATIONS = YES;
				CLANG_WARN_DIRECT_OBJC_ISA_USAGE = YES_ERROR;
				CLANG_WARN_DOCUMENTATION_COMMENTS = YES;
				CLANG_WARN_EMPTY_BODY = YES;
				CLANG_WARN_ENUM_CONVERSION = YES;
				CLANG_WARN_INFINITE_RECURSION = YES;
				CLANG_WARN_INT_CONVERSION = YES;
				CLANG_WARN_NON_LITERAL_NULL_CONVERSION = YES;
				CLANG_WARN_OBJC_IMPLICIT_RETAIN_SELF = YES;
				CLANG_WARN_OBJC_LITERAL_CONVERSION = YES;
				CLANG_WARN_OBJC_ROOT_CLASS = YES_ERROR;
				CLANG_WARN_RANGE_LOOP_ANALYSIS = YES;
				CLANG_WARN_STRICT_PROTOTYPES = YES;
				CLANG_WARN_SUSPICIOUS_MOVE = YES;
				CLANG_WARN_UNGUARDED_AVAILABILITY = YES_AGGRESSIVE;
				CLANG_WARN_UNREACHABLE_CODE = YES;
				CLANG_WARN__DUPLICATE_METHOD_MATCH = YES;
				COPY_PHASE_STRIP = NO;
				DEBUG_INFORMATION_FORMAT = "dwarf-with-dsym";
				ENABLE_NS_ASSERTIONS = NO;
				ENABLE_STRICT_OBJC_MSGSEND = YES;
				GCC_C_LANGUAGE_STANDARD = gnu11;
				GCC_NO_COMMON_BLOCKS = YES;
				GCC_WARN_64_TO_32_BIT_CONVERSION = YES;
				GCC_WARN_ABOUT_RETURN_TYPE = YES_ERROR;
				GCC_WARN_UNDECLARED_SELECTOR = YES;
				GCC_WARN_UNINITIALIZED_AUTOS = YES_AGGRESSIVE;
				GCC_WARN_UNUSED_FUNCTION = YES;
				GCC_WARN_UNUSED_VARIABLE = YES;
				IPHONEOS_DEPLOYMENT_TARGET = 13.0;
				MTL_ENABLE_DEBUG_INFO = NO;
				MTL_FAST_MATH = YES;
				SDKROOT = iphoneos;
				SWIFT_COMPILATION_MODE = wholemodule;
				SWIFT_OPTIMIZATION_LEVEL = "-O";
				VALIDATE_PRODUCT = YES;
			};
			name = Release;
		};
		4DA17C0823ABD893003EAAEE /* Debug */ = {
			isa = XCBuildConfiguration;
			buildSettings = {
				ASSETCATALOG_COMPILER_APPICON_NAME = AppIcon;
				CODE_SIGN_STYLE = Automatic;
				INFOPLIST_FILE = CreditScore/Info.plist;
				LD_RUNPATH_SEARCH_PATHS = (
					"$(inherited)",
					"@executable_path/Frameworks",
				);
				PRODUCT_BUNDLE_IDENTIFIER = com.creditscore.CreditScore;
				PRODUCT_NAME = "$(TARGET_NAME)";
				SWIFT_VERSION = 5.0;
				TARGETED_DEVICE_FAMILY = 1;
			};
			name = Debug;
		};
		4DA17C0923ABD893003EAAEE /* Release */ = {
			isa = XCBuildConfiguration;
			buildSettings = {
				ASSETCATALOG_COMPILER_APPICON_NAME = AppIcon;
				CODE_SIGN_STYLE = Automatic;
				INFOPLIST_FILE = CreditScore/Info.plist;
				LD_RUNPATH_SEARCH_PATHS = (
					"$(inherited)",
					"@executable_path/Frameworks",
				);
				PRODUCT_BUNDLE_IDENTIFIER = com.creditscore.CreditScore;
				PRODUCT_NAME = "$(TARGET_NAME)";
				SWIFT_VERSION = 5.0;
				TARGETED_DEVICE_FAMILY = 1;
			};
			name = Release;
		};
/* End XCBuildConfiguration section */

/* Begin XCConfigurationList section */
		4DA17BEE23ABD891003EAAEE /* Build configuration list for PBXProject "CreditScore" */ = {
			isa = XCConfigurationList;
			buildConfigurations = (
				4DA17C0523ABD893003EAAEE /* Debug */,
				4DA17C0623ABD893003EAAEE /* Release */,
			);
			defaultConfigurationIsVisible = 0;
			defaultConfigurationName = Release;
		};
		4DA17C0723ABD893003EAAEE /* Build configuration list for PBXNativeTarget "CreditScore" */ = {
			isa = XCConfigurationList;
			buildConfigurations = (
				4DA17C0823ABD893003EAAEE /* Debug */,
				4DA17C0923ABD893003EAAEE /* Release */,
			);
			defaultConfigurationIsVisible = 0;
			defaultConfigurationName = Release;
		};
/* End XCConfigurationList section */
	};
	rootObject = 4DA17BEB23ABD891003EAAEE /* Project object */;
}
